
Microsoft Visual Studio Solution File, Format Version 12.00
# Visual Studio Version 17
VisualStudioVersion = 17.12.35521.163 d17.12
MinimumVisualStudioVersion = 10.0.40219.1
Project("{FAE04EC0-301F-11D3-BF4B-00C04F79EFBC}") = "WeatherApp", "WeatherApp\WeatherApp.csproj", "{F7ED0F29-FE68-4700-9912-78565350418D}"
EndProject
Project("{2150E333-8FDC-42A3-9474-1A3956D46DE8}") = "Solution Items", "Solution Items", "{7697EFF4-9341-4E1F-9B9B-B8BCF1D4B436}"
	ProjectSection(SolutionItems) = preProject
		.editorconfig = .editorconfig
	EndProjectSection
EndProject
Global
	GlobalSection(SolutionConfigurationPlatforms) = preSolution
		Debug|Any CPU = Debug|Any CPU
		Release|Any CPU = Release|Any CPU
	EndGlobalSection
	GlobalSection(ProjectConfigurationPlatforms) = postSolution
		{F7ED0F29-FE68-4700-9912-78565350418D}.Debug|Any CPU.ActiveCfg = Debug|Any CPU
		{F7ED0F29-FE68-4700-9912-78565350418D}.Debug|Any CPU.Build.0 = Debug|Any CPU
		{F7ED0F29-FE68-4700-9912-78565350418D}.Debug|Any CPU.Deploy.0 = Debug|Any CPU
		{F7ED0F29-FE68-4700-9912-78565350418D}.Release|Any CPU.ActiveCfg = Release|Any CPU
		{F7ED0F29-FE68-4700-9912-78565350418D}.Release|Any CPU.Build.0 = Release|Any CPU
		{F7ED0F29-FE68-4700-9912-78565350418D}.Release|Any CPU.Deploy.0 = Release|Any CPU
	EndGlobalSection
	GlobalSection(SolutionProperties) = preSolution
		HideSolutionNode = FALSE
	EndGlobalSection
EndGlobal
